
Microsoft Visual Studio Solution File, Format Version 12.00
# Visual Studio Version 17
VisualStudioVersion = 17.1.32228.430
MinimumVisualStudioVersion = 10.0.40219.1
Project("{FAE04EC0-301F-11D3-BF4B-00C04F79EFBC}") = "ResponsiPemrograman4525", "ResponsiPemrograman4525\ResponsiPemrograman4525.csproj", "{B5BBD0C5-330F-4630-B5D0-FB22D58CBBB0}"
EndProject
Global
	GlobalSection(SolutionConfigurationPlatforms) = preSolution
		Debug|Any CPU = Debug|Any CPU
		Release|Any CPU = Release|Any CPU
	EndGlobalSection
	GlobalSection(ProjectConfigurationPlatforms) = postSolution
		{B5BBD0C5-330F-4630-B5D0-FB22D58CBBB0}.Debug|Any CPU.ActiveCfg = Debug|Any CPU
		{B5BBD0C5-330F-4630-B5D0-FB22D58CBBB0}.Debug|Any CPU.Build.0 = Debug|Any CPU
		{B5BBD0C5-330F-4630-B5D0-FB22D58CBBB0}.Release|Any CPU.ActiveCfg = Release|Any CPU
		{B5BBD0C5-330F-4630-B5D0-FB22D58CBBB0}.Release|Any CPU.Build.0 = Release|Any CPU
	EndGlobalSection
	GlobalSection(SolutionProperties) = preSolution
		HideSolutionNode = FALSE
	EndGlobalSection
	GlobalSection(ExtensibilityGlobals) = postSolution
		SolutionGuid = {77FB6D43-86D5-47DE-B7F6-A0210BB3522E}
	EndGlobalSection
EndGlobal
